
Microsoft Visual Studio Solution File, Format Version 12.00
# Visual Studio Version 16
VisualStudioVersion = 16.0.31321.278
MinimumVisualStudioVersion = 10.0.40219.1
Project("{FAE04EC0-301F-11D3-BF4B-00C04F79EFBC}") = "product.Android", "product\product.Android\product.Android.csproj", "{EA51B0F1-35BA-4367-A655-19401D7CF9E5}"
EndProject
Project("{FAE04EC0-301F-11D3-BF4B-00C04F79EFBC}") = "product.iOS", "product\product.iOS\product.iOS.csproj", "{69E59E8E-AF0D-435E-B82D-4BF5E291E735}"
EndProject
Project("{FAE04EC0-301F-11D3-BF4B-00C04F79EFBC}") = "product", "product\product\product.csproj", "{26B25901-D006-4FC4-A5AC-66CFC3294118}"
EndProject
Global
	GlobalSection(SolutionConfigurationPlatforms) = preSolution
		Debug|Any CPU = Debug|Any CPU
		Debug|iPhone = Debug|iPhone
		Debug|iPhoneSimulator = Debug|iPhoneSimulator
		Release|Any CPU = Release|Any CPU
		Release|iPhone = Release|iPhone
		Release|iPhoneSimulator = Release|iPhoneSimulator
	EndGlobalSection
	GlobalSection(ProjectConfigurationPlatforms) = postSolution
		{EA51B0F1-35BA-4367-A655-19401D7CF9E5}.Debug|Any CPU.ActiveCfg = Debug|Any CPU
		{EA51B0F1-35BA-4367-A655-19401D7CF9E5}.Debug|Any CPU.Build.0 = Debug|Any CPU
		{EA51B0F1-35BA-4367-A655-19401D7CF9E5}.Debug|Any CPU.Deploy.0 = Debug|Any CPU
		{EA51B0F1-35BA-4367-A655-19401D7CF9E5}.Debug|iPhone.ActiveCfg = Debug|Any CPU
		{EA51B0F1-35BA-4367-A655-19401D7CF9E5}.Debug|iPhone.Build.0 = Debug|Any CPU
		{EA51B0F1-35BA-4367-A655-19401D7CF9E5}.Debug|iPhone.Deploy.0 = Debug|Any CPU
		{EA51B0F1-35BA-4367-A655-19401D7CF9E5}.Debug|iPhoneSimulator.ActiveCfg = Debug|Any CPU
		{EA51B0F1-35BA-4367-A655-19401D7CF9E5}.Debug|iPhoneSimulator.Build.0 = Debug|Any CPU
		{EA51B0F1-35BA-4367-A655-19401D7CF9E5}.Debug|iPhoneSimulator.Deploy.0 = Debug|Any CPU
		{EA51B0F1-35BA-4367-A655-19401D7CF9E5}.Release|Any CPU.ActiveCfg = Release|Any CPU
		{EA51B0F1-35BA-4367-A655-19401D7CF9E5}.Release|Any CPU.Build.0 = Release|Any CPU
		{EA51B0F1-35BA-4367-A655-19401D7CF9E5}.Release|Any CPU.Deploy.0 = Release|Any CPU
		{EA51B0F1-35BA-4367-A655-19401D7CF9E5}.Release|iPhone.ActiveCfg = Release|Any CPU
		{EA51B0F1-35BA-4367-A655-19401D7CF9E5}.Release|iPhone.Build.0 = Release|Any CPU
		{EA51B0F1-35BA-4367-A655-19401D7CF9E5}.Release|iPhone.Deploy.0 = Release|Any CPU
		{EA51B0F1-35BA-4367-A655-19401D7CF9E5}.Release|iPhoneSimulator.ActiveCfg = Release|Any CPU
		{EA51B0F1-35BA-4367-A655-19401D7CF9E5}.Release|iPhoneSimulator.Build.0 = Release|Any CPU
		{EA51B0F1-35BA-4367-A655-19401D7CF9E5}.Release|iPhoneSimulator.Deploy.0 = Release|Any CPU
		{69E59E8E-AF0D-435E-B82D-4BF5E291E735}.Debug|Any CPU.ActiveCfg = Debug|iPhone
		{69E59E8E-AF0D-435E-B82D-4BF5E291E735}.Debug|Any CPU.Build.0 = Debug|iPhone
		{69E59E8E-AF0D-435E-B82D-4BF5E291E735}.Debug|Any CPU.Deploy.0 = Debug|iPhone
		{69E59E8E-AF0D-435E-B82D-4BF5E291E735}.Debug|iPhone.ActiveCfg = Debug|iPhone
		{69E59E8E-AF0D-435E-B82D-4BF5E291E735}.Debug|iPhone.Build.0 = Debug|iPhone
		{69E59E8E-AF0D-435E-B82D-4BF5E291E735}.Debug|iPhone.Deploy.0 = Debug|iPhone
		{69E59E8E-AF0D-435E-B82D-4BF5E291E735}.Debug|iPhoneSimulator.ActiveCfg = Debug|iPhoneSimulator
		{69E59E8E-AF0D-435E-B82D-4BF5E291E735}.Debug|iPhoneSimulator.Build.0 = Debug|iPhoneSimulator
		{69E59E8E-AF0D-435E-B82D-4BF5E291E735}.Debug|iPhoneSimulator.Deploy.0 = Debug|iPhoneSimulator
		{69E59E8E-AF0D-435E-B82D-4BF5E291E735}.Release|Any CPU.ActiveCfg = Release|iPhoneSimulator
		{69E59E8E-AF0D-435E-B82D-4BF5E291E735}.Release|Any CPU.Build.0 = Release|iPhoneSimulator
		{69E59E8E-AF0D-435E-B82D-4BF5E291E735}.Release|Any CPU.Deploy.0 = Release|iPhoneSimulator
		{69E59E8E-AF0D-435E-B82D-4BF5E291E735}.Release|iPhone.ActiveCfg = Release|iPhone
		{69E59E8E-AF0D-435E-B82D-4BF5E291E735}.Release|iPhone.Build.0 = Release|iPhone
		{69E59E8E-AF0D-435E-B82D-4BF5E291E735}.Release|iPhone.Deploy.0 = Release|iPhone
		{69E59E8E-AF0D-435E-B82D-4BF5E291E735}.Release|iPhoneSimulator.ActiveCfg = Release|iPhoneSimulator
		{69E59E8E-AF0D-435E-B82D-4BF5E291E735}.Release|iPhoneSimulator.Build.0 = Release|iPhoneSimulator
		{69E59E8E-AF0D-435E-B82D-4BF5E291E735}.Release|iPhoneSimulator.Deploy.0 = Release|iPhoneSimulator
		{26B25901-D006-4FC4-A5AC-66CFC3294118}.Debug|Any CPU.ActiveCfg = Debug|Any CPU
		{26B25901-D006-4FC4-A5AC-66CFC3294118}.Debug|Any CPU.Build.0 = Debug|Any CPU
		{26B25901-D006-4FC4-A5AC-66CFC3294118}.Debug|Any CPU.Deploy.0 = Debug|Any CPU
		{26B25901-D006-4FC4-A5AC-66CFC3294118}.Debug|iPhone.ActiveCfg = Debug|Any CPU
		{26B25901-D006-4FC4-A5AC-66CFC3294118}.Debug|iPhone.Build.0 = Debug|Any CPU
		{26B25901-D006-4FC4-A5AC-66CFC3294118}.Debug|iPhone.Deploy.0 = Debug|Any CPU
		{26B25901-D006-4FC4-A5AC-66CFC3294118}.Debug|iPhoneSimulator.ActiveCfg = Debug|Any CPU
		{26B25901-D006-4FC4-A5AC-66CFC3294118}.Debug|iPhoneSimulator.Build.0 = Debug|Any CPU
		{26B25901-D006-4FC4-A5AC-66CFC3294118}.Debug|iPhoneSimulator.Deploy.0 = Debug|Any CPU
		{26B25901-D006-4FC4-A5AC-66CFC3294118}.Release|Any CPU.ActiveCfg = Release|Any CPU
		{26B25901-D006-4FC4-A5AC-66CFC3294118}.Release|Any CPU.Build.0 = Release|Any CPU
		{26B25901-D006-4FC4-A5AC-66CFC3294118}.Release|Any CPU.Deploy.0 = Release|Any CPU
		{26B25901-D006-4FC4-A5AC-66CFC3294118}.Release|iPhone.ActiveCfg = Release|Any CPU
		{26B25901-D006-4FC4-A5AC-66CFC3294118}.Release|iPhone.Build.0 = Release|Any CPU
		{26B25901-D006-4FC4-A5AC-66CFC3294118}.Release|iPhone.Deploy.0 = Release|Any CPU
		{26B25901-D006-4FC4-A5AC-66CFC3294118}.Release|iPhoneSimulator.ActiveCfg = Release|Any CPU
		{26B25901-D006-4FC4-A5AC-66CFC3294118}.Release|iPhoneSimulator.Build.0 = Release|Any CPU
		{26B25901-D006-4FC4-A5AC-66CFC3294118}.Release|iPhoneSimulator.Deploy.0 = Release|Any CPU
	EndGlobalSection
	GlobalSection(SolutionProperties) = preSolution
		HideSolutionNode = FALSE
	EndGlobalSection
	GlobalSection(ExtensibilityGlobals) = postSolution
		SolutionGuid = {84522FF9-AEA9-455B-BD25-045A99188E4C}
	EndGlobalSection
EndGlobal
